// !$*UTF8*$!
{
	archiveVersion = 1;
	classes = {
	};
	objectVersion = 77;
	objects = {

/* Begin PBXContainerItemProxy section */
		43FA317C2D86E98B00F1B7A1 /* PBXContainerItemProxy */ = {
			isa = PBXContainerItemProxy;
			containerPortal = 43FA315E2D86E98900F1B7A1 /* Project object */;
			proxyType = 1;
			remoteGlobalIDString = 43FA31652D86E98900F1B7A1;
			remoteInfo = TaskManagerDemo;
		};
		43FA31862D86E98B00F1B7A1 /* PBXContainerItemProxy */ = {
			isa = PBXContainerItemProxy;
			containerPortal = 43FA315E2D86E98900F1B7A1 /* Project object */;
			proxyType = 1;
			remoteGlobalIDString = 43FA31652D86E98900F1B7A1;
			remoteInfo = TaskManagerDemo;
		};
/* End PBXContainerItemProxy section */

/* Begin PBXFileReference section */
		43FA31662D86E98900F1B7A1 /* TaskManagerDemo.app */ = {isa = PBXFileReference; explicitFileType = wrapper.application; includeInIndex = 0; path = TaskManagerDemo.app; sourceTree = BUILT_PRODUCTS_DIR; };
		43FA317B2D86E98B00F1B7A1 /* TaskManagerDemoTests.xctest */ = {isa = PBXFileReference; explicitFileType = wrapper.cfbundle; includeInIndex = 0; path = TaskManagerDemoTests.xctest; sourceTree = BUILT_PRODUCTS_DIR; };
		43FA31852D86E98B00F1B7A1 /* TaskManagerDemoUITests.xctest */ = {isa = PBXFileReference; explicitFileType = wrapper.cfbundle; includeInIndex = 0; path = TaskManagerDemoUITests.xctest; sourceTree = BUILT_PRODUCTS_DIR; };
/* End PBXFileReference section */

/* Begin PBXFileSystemSynchronizedBuildFileExceptionSet section */
		43FA31AB2D86F2E900F1B7A1 /* Exceptions for "TaskManagerDemo" folder in "TaskManagerDemoTests" target */ = {
			isa = PBXFileSystemSynchronizedBuildFileExceptionSet;
			membershipExceptions = (
				Task/Views/ShimmeringPlaceholder.swift,
				Task/Views/ShimmerRowView.swift,
				Task/Views/TaskListView.swift,
			);
			target = 43FA317A2D86E98B00F1B7A1 /* TaskManagerDemoTests */;
		};
		43FA31AC2D86F2E900F1B7A1 /* Exceptions for "TaskManagerDemo" folder in "TaskManagerDemoUITests" target */ = {
			isa = PBXFileSystemSynchronizedBuildFileExceptionSet;
			membershipExceptions = (
				Task/Views/ShimmeringPlaceholder.swift,
				Task/Views/ShimmerRowView.swift,
				Task/Views/TaskListView.swift,
			);
			target = 43FA31842D86E98B00F1B7A1 /* TaskManagerDemoUITests */;
		};
/* End PBXFileSystemSynchronizedBuildFileExceptionSet section */

/* Begin PBXFileSystemSynchronizedRootGroup section */
		43FA31682D86E98900F1B7A1 /* TaskManagerDemo */ = {
			isa = PBXFileSystemSynchronizedRootGroup;
			exceptions = (
				43FA31AB2D86F2E900F1B7A1 /* Exceptions for "TaskManagerDemo" folder in "TaskManagerDemoTests" target */,
				43FA31AC2D86F2E900F1B7A1 /* Exceptions for "TaskManagerDemo" folder in "TaskManagerDemoUITests" target */,
			);
			path = TaskManagerDemo;
			sourceTree = "<group>";
		};
		43FA317E2D86E98B00F1B7A1 /* TaskManagerDemoTests */ = {
			isa = PBXFileSystemSynchronizedRootGroup;
			path = TaskManagerDemoTests;
			sourceTree = "<group>";
		};
		43FA31882D86E98B00F1B7A1 /* TaskManagerDemoUITests */ = {
			isa = PBXFileSystemSynchronizedRootGroup;
			path = TaskManagerDemoUITests;
			sourceTree = "<group>";
		};
/* End PBXFileSystemSynchronizedRootGroup section */

/* Begin PBXFrameworksBuildPhase section */
		43FA31632D86E98900F1B7A1 /* Frameworks */ = {
			isa = PBXFrameworksBuildPhase;
			buildActionMask = 2147483647;
			files = (
			);
			runOnlyForDeploymentPostprocessing = 0;
		};
		43FA31782D86E98B00F1B7A1 /* Frameworks */ = {
			isa = PBXFrameworksBuildPhase;
			buildActionMask = 2147483647;
			files = (
			);
			runOnlyForDeploymentPostprocessing = 0;
		};
		43FA31822D86E98B00F1B7A1 /* Frameworks */ = {
			isa = PBXFrameworksBuildPhase;
			buildActionMask = 2147483647;
			files = (
			);
			runOnlyForDeploymentPostprocessing = 0;
		};
/* End PBXFrameworksBuildPhase section */

/* Begin PBXGroup section */
		43FA315D2D86E98900F1B7A1 = {
			isa = PBXGroup;
			children = (
				43FA31682D86E98900F1B7A1 /* TaskManagerDemo */,
				43FA317E2D86E98B00F1B7A1 /* TaskManagerDemoTests */,
				43FA31882D86E98B00F1B7A1 /* TaskManagerDemoUITests */,
				43FA31672D86E98900F1B7A1 /* Products */,
			);
			sourceTree = "<group>";
		};
		43FA31672D86E98900F1B7A1 /* Products */ = {
			isa = PBXGroup;
			children = (
				43FA31662D86E98900F1B7A1 /* TaskManagerDemo.app */,
				43FA317B2D86E98B00F1B7A1 /* TaskManagerDemoTests.xctest */,
				43FA31852D86E98B00F1B7A1 /* TaskManagerDemoUITests.xctest */,
			);
			name = Products;
			sourceTree = "<group>";
		};
/* End PBXGroup section */

/* Begin PBXNativeTarget section */
		43FA31652D86E98900F1B7A1 /* TaskManagerDemo */ = {
			isa = PBXNativeTarget;
			buildConfigurationList = 43FA318F2D86E98B00F1B7A1 /* Build configuration list for PBXNativeTarget "TaskManagerDemo" */;
			buildPhases = (
				43FA31622D86E98900F1B7A1 /* Sources */,
				43FA31632D86E98900F1B7A1 /* Frameworks */,
				43FA31642D86E98900F1B7A1 /* Resources */,
			);
			buildRules = (
			);
			dependencies = (
			);
			fileSystemSynchronizedGroups = (
				43FA31682D86E98900F1B7A1 /* TaskManagerDemo */,
			);
			name = TaskManagerDemo;
			packageProductDependencies = (
			);
			productName = TaskManagerDemo;
			productReference = 43FA31662D86E98900F1B7A1 /* TaskManagerDemo.app */;
			productType = "com.apple.product-type.application";
		};
		43FA317A2D86E98B00F1B7A1 /* TaskManagerDemoTests */ = {
			isa = PBXNativeTarget;
			buildConfigurationList = 43FA31922D86E98B00F1B7A1 /* Build configuration list for PBXNativeTarget "TaskManagerDemoTests" */;
			buildPhases = (
				43FA31772D86E98B00F1B7A1 /* Sources */,
				43FA31782D86E98B00F1B7A1 /* Frameworks */,
				43FA31792D86E98B00F1B7A1 /* Resources */,
			);
			buildRules = (
			);
			dependencies = (
				43FA317D2D86E98B00F1B7A1 /* PBXTargetDependency */,
			);
			fileSystemSynchronizedGroups = (
				43FA317E2D86E98B00F1B7A1 /* TaskManagerDemoTests */,
			);
			name = TaskManagerDemoTests;
			packageProductDependencies = (
			);
			productName = TaskManagerDemoTests;
			productReference = 43FA317B2D86E98B00F1B7A1 /* TaskManagerDemoTests.xctest */;
			productType = "com.apple.product-type.bundle.unit-test";
		};
		43FA31842D86E98B00F1B7A1 /* TaskManagerDemoUITests */ = {
			isa = PBXNativeTarget;
			buildConfigurationList = 43FA31952D86E98B00F1B7A1 /* Build configuration list for PBXNativeTarget "TaskManagerDemoUITests" */;
			buildPhases = (
				43FA31812D86E98B00F1B7A1 /* Sources */,
				43FA31822D86E98B00F1B7A1 /* Frameworks */,
				43FA31832D86E98B00F1B7A1 /* Resources */,
			);
			buildRules = (
			);
			dependencies = (
				43FA31872D86E98B00F1B7A1 /* PBXTargetDependency */,
			);
			fileSystemSynchronizedGroups = (
				43FA31882D86E98B00F1B7A1 /* TaskManagerDemoUITests */,
			);
			name = TaskManagerDemoUITests;
			packageProductDependencies = (
			);
			productName = TaskManagerDemoUITests;
			productReference = 43FA31852D86E98B00F1B7A1 /* TaskManagerDemoUITests.xctest */;
			productType = "com.apple.product-type.bundle.ui-testing";
		};
/* End PBXNativeTarget section */

/* Begin PBXProject section */
		43FA315E2D86E98900F1B7A1 /* Project object */ = {
			isa = PBXProject;
			attributes = {
				BuildIndependentTargetsInParallel = 1;
				LastSwiftUpdateCheck = 1620;
				LastUpgradeCheck = 1620;
				TargetAttributes = {
					43FA31652D86E98900F1B7A1 = {
						CreatedOnToolsVersion = 16.2;
					};
					43FA317A2D86E98B00F1B7A1 = {
						CreatedOnToolsVersion = 16.2;
						TestTargetID = 43FA31652D86E98900F1B7A1;
					};
					43FA31842D86E98B00F1B7A1 = {
						CreatedOnToolsVersion = 16.2;
						TestTargetID = 43FA31652D86E98900F1B7A1;
					};
				};
			};
			buildConfigurationList = 43FA31612D86E98900F1B7A1 /* Build configuration list for PBXProject "TaskManagerDemo" */;
			developmentRegion = en;
			hasScannedForEncodings = 0;
			knownRegions = (
				en,
				Base,
			);
			mainGroup = 43FA315D2D86E98900F1B7A1;
			minimizedProjectReferenceProxies = 1;
			preferredProjectObjectVersion = 77;
			productRefGroup = 43FA31672D86E98900F1B7A1 /* Products */;
			projectDirPath = "";
			projectRoot = "";
			targets = (
				43FA31652D86E98900F1B7A1 /* TaskManagerDemo */,
				43FA317A2D86E98B00F1B7A1 /* TaskManagerDemoTests */,
				43FA31842D86E98B00F1B7A1 /* TaskManagerDemoUITests */,
			);
		};
/* End PBXProject section */

/* Begin PBXResourcesBuildPhase section */
		43FA31642D86E98900F1B7A1 /* Resources */ = {
			isa = PBXResourcesBuildPhase;
			buildActionMask = 2147483647;
			files = (
			);
			runOnlyForDeploymentPostprocessing = 0;
		};
		43FA31792D86E98B00F1B7A1 /* Resources */ = {
			isa = PBXResourcesBuildPhase;
			buildActionMask = 2147483647;
			files = (
			);
			runOnlyForDeploymentPostprocessing = 0;
		};
		43FA31832D86E98B00F1B7A1 /* Resources */ = {
			isa = PBXResourcesBuildPhase;
			buildActionMask = 2147483647;
			files = (
			);
			runOnlyForDeploymentPostprocessing = 0;
		};
/* End PBXResourcesBuildPhase section */

/* Begin PBXSourcesBuildPhase section */
		43FA31622D86E98900F1B7A1 /* Sources */ = {
			isa = PBXSourcesBuildPhase;
			buildActionMask = 2147483647;
			files = (
			);
			runOnlyForDeploymentPostprocessing = 0;
		};
		43FA31772D86E98B00F1B7A1 /* Sources */ = {
			isa = PBXSourcesBuildPhase;
			buildActionMask = 2147483647;
			files = (
			);
			runOnlyForDeploymentPostprocessing = 0;
		};
		43FA31812D86E98B00F1B7A1 /* Sources */ = {
			isa = PBXSourcesBuildPhase;
			buildActionMask = 2147483647;
			files = (
			);
			runOnlyForDeploymentPostprocessing = 0;
		};
/* End PBXSourcesBuildPhase section */

/* Begin PBXTargetDependency section */
		43FA317D2D86E98B00F1B7A1 /* PBXTargetDependency */ = {
			isa = PBXTargetDependency;
			target = 43FA31652D86E98900F1B7A1 /* TaskManagerDemo */;
			targetProxy = 43FA317C2D86E98B00F1B7A1 /* PBXContainerItemProxy */;
		};
		43FA31872D86E98B00F1B7A1 /* PBXTargetDependency */ = {
			isa = PBXTargetDependency;
			target = 43FA31652D86E98900F1B7A1 /* TaskManagerDemo */;
			targetProxy = 43FA31862D86E98B00F1B7A1 /* PBXContainerItemProxy */;
		};
/* End PBXTargetDependency section */

/* Begin XCBuildConfiguration section */
		43FA318D2D86E98B00F1B7A1 /* Debug */ = {
			isa = XCBuildConfiguration;
			buildSettings = {
				ALWAYS_SEARCH_USER_PATHS = NO;
				ASSETCATALOG_COMPILER_GENERATE_SWIFT_ASSET_SYMBOL_EXTENSIONS = YES;
				CLANG_ANALYZER_NONNULL = YES;
				CLANG_ANALYZER_NUMBER_OBJECT_CONVERSION = YES_AGGRESSIVE;
				CLANG_CXX_LANGUAGE_STANDARD = "gnu++20";
				CLANG_ENABLE_MODULES = YES;
				CLANG_ENABLE_OBJC_ARC = YES;
				CLANG_ENABLE_OBJC_WEAK = YES;
				CLANG_WARN_BLOCK_CAPTURE_AUTORELEASING = YES;
				CLANG_WARN_BOOL_CONVERSION = YES;
				CLANG_WARN_COMMA = YES;
				CLANG_WARN_CONSTANT_CONVERSION = YES;
				CLANG_WARN_DEPRECATED_OBJC_IMPLEMENTATIONS = YES;
				CLANG_WARN_DIRECT_OBJC_ISA_USAGE = YES_ERROR;
				CLANG_WARN_DOCUMENTATION_COMMENTS = YES;
				CLANG_WARN_EMPTY_BODY = YES;
				CLANG_WARN_ENUM_CONVERSION = YES;
				CLANG_WARN_INFINITE_RECURSION = YES;
				CLANG_WARN_INT_CONVERSION = YES;
				CLANG_WARN_NON_LITERAL_NULL_CONVERSION = YES;
				CLANG_WARN_OBJC_IMPLICIT_RETAIN_SELF = YES;
				CLANG_WARN_OBJC_LITERAL_CONVERSION = YES;
				CLANG_WARN_OBJC_ROOT_CLASS = YES_ERROR;
				CLANG_WARN_QUOTED_INCLUDE_IN_FRAMEWORK_HEADER = YES;
				CLANG_WARN_RANGE_LOOP_ANALYSIS = YES;
				CLANG_WARN_STRICT_PROTOTYPES = YES;
				CLANG_WARN_SUSPICIOUS_MOVE = YES;
				CLANG_WARN_UNGUARDED_AVAILABILITY = YES_AGGRESSIVE;
				CLANG_WARN_UNREACHABLE_CODE = YES;
				CLANG_WARN__DUPLICATE_METHOD_MATCH = YES;
				COPY_PHASE_STRIP = NO;
				DEBUG_INFORMATION_FORMAT = dwarf;
				ENABLE_STRICT_OBJC_MSGSEND = YES;
				ENABLE_TESTABILITY = YES;
				ENABLE_USER_SCRIPT_SANDBOXING = YES;
				GCC_C_LANGUAGE_STANDARD = gnu17;
				GCC_DYNAMIC_NO_PIC = NO;
				GCC_NO_COMMON_BLOCKS = YES;
				GCC_OPTIMIZATION_LEVEL = 0;
				GCC_PREPROCESSOR_DEFINITIONS = (
					"DEBUG=1",
					"$(inherited)",
				);
				GCC_WARN_64_TO_32_BIT_CONVERSION = YES;
				GCC_WARN_ABOUT_RETURN_TYPE = YES_ERROR;
				GCC_WARN_UNDECLARED_SELECTOR = YES;
				GCC_WARN_UNINITIALIZED_AUTOS = YES_AGGRESSIVE;
				GCC_WARN_UNUSED_FUNCTION = YES;
				GCC_WARN_UNUSED_VARIABLE = YES;
				IPHONEOS_DEPLOYMENT_TARGET = 18.2;
				LOCALIZATION_PREFERS_STRING_CATALOGS = YES;
				MTL_ENABLE_DEBUG_INFO = INCLUDE_SOURCE;
				MTL_FAST_MATH = YES;
				ONLY_ACTIVE_ARCH = YES;
				SDKROOT = iphoneos;
				SWIFT_ACTIVE_COMPILATION_CONDITIONS = "DEBUG $(inherited)";
				SWIFT_OPTIMIZATION_LEVEL = "-Onone";
			};
			name = Debug;
		};
		43FA318E2D86E98B00F1B7A1 /* Release */ = {
			isa = XCBuildConfiguration;
			buildSettings = {
				ALWAYS_SEARCH_USER_PATHS = NO;
				ASSETCATALOG_COMPILER_GENERATE_SWIFT_ASSET_SYMBOL_EXTENSIONS = YES;
				CLANG_ANALYZER_NONNULL = YES;
				CLANG_ANALYZER_NUMBER_OBJECT_CONVERSION = YES_AGGRESSIVE;
				CLANG_CXX_LANGUAGE_STANDARD = "gnu++20";
				CLANG_ENABLE_MODULES = YES;
				CLANG_ENABLE_OBJC_ARC = YES;
				CLANG_ENABLE_OBJC_WEAK = YES;
				CLANG_WARN_BLOCK_CAPTURE_AUTORELEASING = YES;
				CLANG_WARN_BOOL_CONVERSION = YES;
				CLANG_WARN_COMMA = YES;
				CLANG_WARN_CONSTANT_CONVERSION = YES;
				CLANG_WARN_DEPRECATED_OBJC_IMPLEMENTATIONS = YES;
				CLANG_WARN_DIRECT_OBJC_ISA_USAGE = YES_ERROR;
				CLANG_WARN_DOCUMENTATION_COMMENTS = YES;
				CLANG_WARN_EMPTY_BODY = YES;
				CLANG_WARN_ENUM_CONVERSION = YES;
				CLANG_WARN_INFINITE_RECURSION = YES;
				CLANG_WARN_INT_CONVERSION = YES;
				CLANG_WARN_NON_LITERAL_NULL_CONVERSION = YES;
				CLANG_WARN_OBJC_IMPLICIT_RETAIN_SELF = YES;
				CLANG_WARN_OBJC_LITERAL_CONVERSION = YES;
				CLANG_WARN_OBJC_ROOT_CLASS = YES_ERROR;
				CLANG_WARN_QUOTED_INCLUDE_IN_FRAMEWORK_HEADER = YES;
				CLANG_WARN_RANGE_LOOP_ANALYSIS = YES;
				CLANG_WARN_STRICT_PROTOTYPES = YES;
				CLANG_WARN_SUSPICIOUS_MOVE = YES;
				CLANG_WARN_UNGUARDED_AVAILABILITY = YES_AGGRESSIVE;
				CLANG_WARN_UNREACHABLE_CODE = YES;
				CLANG_WARN__DUPLICATE_METHOD_MATCH = YES;
				COPY_PHASE_STRIP = NO;
				DEBUG_INFORMATION_FORMAT = "dwarf-with-dsym";
				ENABLE_NS_ASSERTIONS = NO;
				ENABLE_STRICT_OBJC_MSGSEND = YES;
				ENABLE_USER_SCRIPT_SANDBOXING = YES;
				GCC_C_LANGUAGE_STANDARD = gnu17;
				GCC_NO_COMMON_BLOCKS = YES;
				GCC_WARN_64_TO_32_BIT_CONVERSION = YES;
				GCC_WARN_ABOUT_RETURN_TYPE = YES_ERROR;
				GCC_WARN_UNDECLARED_SELECTOR = YES;
				GCC_WARN_UNINITIALIZED_AUTOS = YES_AGGRESSIVE;
				GCC_WARN_UNUSED_FUNCTION = YES;
				GCC_WARN_UNUSED_VARIABLE = YES;
				IPHONEOS_DEPLOYMENT_TARGET = 18.2;
				LOCALIZATION_PREFERS_STRING_CATALOGS = YES;
				MTL_ENABLE_DEBUG_INFO = NO;
				MTL_FAST_MATH = YES;
				SDKROOT = iphoneos;
				SWIFT_COMPILATION_MODE = wholemodule;
				VALIDATE_PRODUCT = YES;
			};
			name = Release;
		};
		43FA31902D86E98B00F1B7A1 /* Debug */ = {
			isa = XCBuildConfiguration;
			buildSettings = {
				ASSETCATALOG_COMPILER_APPICON_NAME = AppIcon;
				ASSETCATALOG_COMPILER_GLOBAL_ACCENT_COLOR_NAME = AccentColor;
				CODE_SIGN_STYLE = Automatic;
				CURRENT_PROJECT_VERSION = 1;
				DEVELOPMENT_ASSET_PATHS = "\"TaskManagerDemo/Preview Content\"";
				DEVELOPMENT_TEAM = 27UH89K7JT;
				ENABLE_PREVIEWS = YES;
				GENERATE_INFOPLIST_FILE = YES;
				INFOPLIST_KEY_UIApplicationSceneManifest_Generation = YES;
				INFOPLIST_KEY_UIApplicationSupportsIndirectInputEvents = YES;
				INFOPLIST_KEY_UILaunchScreen_Generation = YES;
				INFOPLIST_KEY_UISupportedInterfaceOrientations_iPad = "UIInterfaceOrientationPortrait UIInterfaceOrientationPortraitUpsideDown UIInterfaceOrientationLandscapeLeft UIInterfaceOrientationLandscapeRight";
				INFOPLIST_KEY_UISupportedInterfaceOrientations_iPhone = "UIInterfaceOrientationPortrait UIInterfaceOrientationLandscapeLeft UIInterfaceOrientationLandscapeRight";
				IPHONEOS_DEPLOYMENT_TARGET = 18.0;
				LD_RUNPATH_SEARCH_PATHS = (
					"$(inherited)",
					"@executable_path/Frameworks",
				);
				MARKETING_VERSION = 1.0;
				PRODUCT_BUNDLE_IDENTIFIER = com.demo.TaskManagerDemo;
				PRODUCT_NAME = "$(TARGET_NAME)";
				SWIFT_EMIT_LOC_STRINGS = YES;
				SWIFT_VERSION = 5.0;
				TARGETED_DEVICE_FAMILY = "1,2";
			};
			name = Debug;
		};
		43FA31912D86E98B00F1B7A1 /* Release */ = {
			isa = XCBuildConfiguration;
			buildSettings = {
				ASSETCATALOG_COMPILER_APPICON_NAME = AppIcon;
				ASSETCATALOG_COMPILER_GLOBAL_ACCENT_COLOR_NAME = AccentColor;
				CODE_SIGN_STYLE = Automatic;
				CURRENT_PROJECT_VERSION = 1;
				DEVELOPMENT_ASSET_PATHS = "\"TaskManagerDemo/Preview Content\"";
				DEVELOPMENT_TEAM = 27UH89K7JT;
				ENABLE_PREVIEWS = YES;
				GENERATE_INFOPLIST_FILE = YES;
				INFOPLIST_KEY_UIApplicationSceneManifest_Generation = YES;
				INFOPLIST_KEY_UIApplicationSupportsIndirectInputEvents = YES;
				INFOPLIST_KEY_UILaunchScreen_Generation = YES;
				INFOPLIST_KEY_UISupportedInterfaceOrientations_iPad = "UIInterfaceOrientationPortrait UIInterfaceOrientationPortraitUpsideDown UIInterfaceOrientationLandscapeLeft UIInterfaceOrientationLandscapeRight";
				INFOPLIST_KEY_UISupportedInterfaceOrientations_iPhone = "UIInterfaceOrientationPortrait UIInterfaceOrientationLandscapeLeft UIInterfaceOrientationLandscapeRight";
				IPHONEOS_DEPLOYMENT_TARGET = 18.0;
				LD_RUNPATH_SEARCH_PATHS = (
					"$(inherited)",
					"@executable_path/Frameworks",
				);
				MARKETING_VERSION = 1.0;
				PRODUCT_BUNDLE_IDENTIFIER = com.demo.TaskManagerDemo;
				PRODUCT_NAME = "$(TARGET_NAME)";
				SWIFT_EMIT_LOC_STRINGS = YES;
				SWIFT_VERSION = 5.0;
				TARGETED_DEVICE_FAMILY = "1,2";
			};
			name = Release;
		};
		43FA31932D86E98B00F1B7A1 /* Debug */ = {
			isa = XCBuildConfiguration;
			buildSettings = {
				BUNDLE_LOADER = "$(TEST_HOST)";
				CODE_SIGN_STYLE = Automatic;
				CURRENT_PROJECT_VERSION = 1;
				DEVELOPMENT_TEAM = 27UH89K7JT;
				GENERATE_INFOPLIST_FILE = YES;
				IPHONEOS_DEPLOYMENT_TARGET = 18.2;
				MARKETING_VERSION = 1.0;
				PRODUCT_BUNDLE_IDENTIFIER = com.demo.TaskManagerDemoTests;
				PRODUCT_NAME = "$(TARGET_NAME)";
				SWIFT_EMIT_LOC_STRINGS = NO;
				SWIFT_VERSION = 5.0;
				TARGETED_DEVICE_FAMILY = "1,2";
				TEST_HOST = "$(BUILT_PRODUCTS_DIR)/TaskManagerDemo.app/$(BUNDLE_EXECUTABLE_FOLDER_PATH)/TaskManagerDemo";
			};
			name = Debug;
		};
		43FA31942D86E98B00F1B7A1 /* Release */ = {
			isa = XCBuildConfiguration;
			buildSettings = {
				BUNDLE_LOADER = "$(TEST_HOST)";
				CODE_SIGN_STYLE = Automatic;
				CURRENT_PROJECT_VERSION = 1;
				DEVELOPMENT_TEAM = 27UH89K7JT;
				GENERATE_INFOPLIST_FILE = YES;
				IPHONEOS_DEPLOYMENT_TARGET = 18.2;
				MARKETING_VERSION = 1.0;
				PRODUCT_BUNDLE_IDENTIFIER = com.demo.TaskManagerDemoTests;
				PRODUCT_NAME = "$(TARGET_NAME)";
				SWIFT_EMIT_LOC_STRINGS = NO;
				SWIFT_VERSION = 5.0;
				TARGETED_DEVICE_FAMILY = "1,2";
				TEST_HOST = "$(BUILT_PRODUCTS_DIR)/TaskManagerDemo.app/$(BUNDLE_EXECUTABLE_FOLDER_PATH)/TaskManagerDemo";
			};
			name = Release;
		};
		43FA31962D86E98B00F1B7A1 /* Debug */ = {
			isa = XCBuildConfiguration;
			buildSettings = {
				CODE_SIGN_STYLE = Automatic;
				CURRENT_PROJECT_VERSION = 1;
				DEVELOPMENT_TEAM = 27UH89K7JT;
				GENERATE_INFOPLIST_FILE = YES;
				MARKETING_VERSION = 1.0;
				PRODUCT_BUNDLE_IDENTIFIER = com.demo.TaskManagerDemoUITests;
				PRODUCT_NAME = "$(TARGET_NAME)";
				SWIFT_EMIT_LOC_STRINGS = NO;
				SWIFT_VERSION = 5.0;
				TARGETED_DEVICE_FAMILY = "1,2";
				TEST_TARGET_NAME = TaskManagerDemo;
			};
			name = Debug;
		};
		43FA31972D86E98B00F1B7A1 /* Release */ = {
			isa = XCBuildConfiguration;
			buildSettings = {
				CODE_SIGN_STYLE = Automatic;
				CURRENT_PROJECT_VERSION = 1;
				DEVELOPMENT_TEAM = 27UH89K7JT;
				GENERATE_INFOPLIST_FILE = YES;
				MARKETING_VERSION = 1.0;
				PRODUCT_BUNDLE_IDENTIFIER = com.demo.TaskManagerDemoUITests;
				PRODUCT_NAME = "$(TARGET_NAME)";
				SWIFT_EMIT_LOC_STRINGS = NO;
				SWIFT_VERSION = 5.0;
				TARGETED_DEVICE_FAMILY = "1,2";
				TEST_TARGET_NAME = TaskManagerDemo;
			};
			name = Release;
		};
/* End XCBuildConfiguration section */

/* Begin XCConfigurationList section */
		43FA31612D86E98900F1B7A1 /* Build configuration list for PBXProject "TaskManagerDemo" */ = {
			isa = XCConfigurationList;
			buildConfigurations = (
				43FA318D2D86E98B00F1B7A1 /* Debug */,
				43FA318E2D86E98B00F1B7A1 /* Release */,
			);
			defaultConfigurationIsVisible = 0;
			defaultConfigurationName = Release;
		};
		43FA318F2D86E98B00F1B7A1 /* Build configuration list for PBXNativeTarget "TaskManagerDemo" */ = {
			isa = XCConfigurationList;
			buildConfigurations = (
				43FA31902D86E98B00F1B7A1 /* Debug */,
				43FA31912D86E98B00F1B7A1 /* Release */,
			);
			defaultConfigurationIsVisible = 0;
			defaultConfigurationName = Release;
		};
		43FA31922D86E98B00F1B7A1 /* Build configuration list for PBXNativeTarget "TaskManagerDemoTests" */ = {
			isa = XCConfigurationList;
			buildConfigurations = (
				43FA31932D86E98B00F1B7A1 /* Debug */,
				43FA31942D86E98B00F1B7A1 /* Release */,
			);
			defaultConfigurationIsVisible = 0;
			defaultConfigurationName = Release;
		};
		43FA31952D86E98B00F1B7A1 /* Build configuration list for PBXNativeTarget "TaskManagerDemoUITests" */ = {
			isa = XCConfigurationList;
			buildConfigurations = (
				43FA31962D86E98B00F1B7A1 /* Debug */,
				43FA31972D86E98B00F1B7A1 /* Release */,
			);
			defaultConfigurationIsVisible = 0;
			defaultConfigurationName = Release;
		};
/* End XCConfigurationList section */
	};
	rootObject = 43FA315E2D86E98900F1B7A1 /* Project object */;
}
